{
  "lockfileVersion": 1,
  "configVersion": 1,
  "workspaces": {
    "": {
      "name": "better-auth-immigration",
      "dependencies": {
        "@types/jsonwebtoken": "^9.0.10",
        "bcryptjs": "^3.0.3",
        "jose": "^6.2.3",
        "jsonwebtoken": "^9.0.3",
      },
      "devDependencies": {
        "@types/bun": "^1.3.14",
        "better-auth": "~1.5.6",
        "typescript": "^5.9.3",
      },
      "peerDependencies": {
        "better-auth": ">=1.5.0 <2",
      },
    },
  },
  "packages": {
    "@better-auth/core": ["@better-auth/core@1.5.6", "", { "dependencies": { "@opentelemetry/semantic-conventions": "^1.39.0", "@standard-schema/spec": "^1.1.0", "zod": "^4.3.6" }, "peerDependencies": { "@better-auth/utils": "0.3.1", "@better-fetch/fetch": "1.1.21", "@cloudflare/workers-types": ">=4", "@opentelemetry/api": "^1.9.0", "better-call": "1.3.2", "jose": "^6.1.0", "kysely": "^0.28.5", "nanostores": "^1.0.1" }, "optionalPeers": ["@cloudflare/workers-types"] }, "sha512-Ez9DZdIMFyxHremmoLz1emFPGNQomDC1jqqBPnZ6Ci+6TiGN3R9w/Y03cJn6I8r1ycKgOzeVMZtJ/erOZ27Gsw=="],

    "@better-auth/drizzle-adapter": ["@better-auth/drizzle-adapter@1.5.6", "", { "peerDependencies": { "@better-auth/core": "1.5.6", "@better-auth/utils": "^0.3.0", "drizzle-orm": ">=0.41.0" }, "optionalPeers": ["drizzle-orm"] }, "sha512-VfFFmaoFw3ug12SiSuIwzrMoHyIVmkMGWm9gZ4sXdYYVX4HboCL4m3fjzOhppcmK5OGatRuU+N1UX6wxCITcXw=="],

    "@better-auth/kysely-adapter": ["@better-auth/kysely-adapter@1.5.6", "", { "peerDependencies": { "@better-auth/core": "1.5.6", "@better-auth/utils": "^0.3.0", "kysely": "^0.27.0 || ^0.28.0" }, "optionalPeers": ["kysely"] }, "sha512-Fnf+h8WVKtw6lEOmVmiVVzDf3shJtM60AYf9XTnbdCeUd6MxN/KnaJZpkgtYnRs7a+nwtkVB+fg4lGETebGFXQ=="],

    "@better-auth/memory-adapter": ["@better-auth/memory-adapter@1.5.6", "", { "peerDependencies": { "@better-auth/core": "1.5.6", "@better-auth/utils": "^0.3.0" } }, "sha512-rS7ZsrIl5uvloUgNN0u9LOZJMMXnsZXVdUZ3MrTBKWM2KpoJjzPr9yN3Szyma5+0V7SltnzSGHPkYj2bEzzmlA=="],

    "@better-auth/mongo-adapter": ["@better-auth/mongo-adapter@1.5.6", "", { "peerDependencies": { "@better-auth/core": "1.5.6", "@better-auth/utils": "^0.3.0", "mongodb": "^6.0.0 || ^7.0.0" }, "optionalPeers": ["mongodb"] }, "sha512-6+M3MS2mor8fTUV3EI1FBLP0cs6QfbN+Ovx9+XxR/GdfKIBoNFzmPEPRbdGt+ft6PvrITsUm+T70+kkHgVSP6w=="],

    "@better-auth/prisma-adapter": ["@better-auth/prisma-adapter@1.5.6", "", { "peerDependencies": { "@better-auth/core": "1.5.6", "@better-auth/utils": "^0.3.0", "@prisma/client": "^5.0.0 || ^6.0.0 || ^7.0.0", "prisma": "^5.0.0 || ^6.0.0 || ^7.0.0" }, "optionalPeers": ["@prisma/client", "prisma"] }, "sha512-UxY9vQJs1Tt+O+T2YQnseDMlWmUSQvFZSBb5YiFRg7zcm+TEzujh4iX2/csA0YiZptLheovIuVWTP9nriewEBA=="],

    "@better-auth/telemetry": ["@better-auth/telemetry@1.5.6", "", { "dependencies": { "@better-auth/utils": "0.3.1", "@better-fetch/fetch": "1.1.21" }, "peerDependencies": { "@better-auth/core": "1.5.6" } }, "sha512-yXC7NSxnIFlxDkGdpD7KA+J9nqIQAPCJKe77GoaC5bWoe/DALo1MYorZfTgOafS7wrslNtsPT4feV/LJi1ubqQ=="],

    "@better-auth/utils": ["@better-auth/utils@0.3.1", "", {}, "sha512-+CGp4UmZSUrHHnpHhLPYu6cV+wSUSvVbZbNykxhUDocpVNTo9uFFxw/NqJlh1iC4wQ9HKKWGCKuZ5wUgS0v6Kg=="],

    "@better-fetch/fetch": ["@better-fetch/fetch@1.1.21", "", {}, "sha512-/ImESw0sskqlVR94jB+5+Pxjf+xBwDZF/N5+y2/q4EqD7IARUTSpPfIo8uf39SYpCxyOCtbyYpUrZ3F/k0zT4A=="],

    "@noble/ciphers": ["@noble/ciphers@2.2.0", "", {}, "sha512-Z6pjIZ/8IJcCGzb2S/0Px5J81yij85xASuk1teLNeg75bfT07MV3a/O2Mtn1I2se43k3lkVEcFaR10N4cgQcZA=="],

    "@noble/hashes": ["@noble/hashes@2.2.0", "", {}, "sha512-IYqDGiTXab6FniAgnSdZwgWbomxpy9FtYvLKs7wCUs2a8RkITG+DFGO1DM9cr+E3/RgADRpFjrKVaJ1z6sjtEg=="],

    "@opentelemetry/api": ["@opentelemetry/api@1.9.1", "", {}, "sha512-gLyJlPHPZYdAk1JENA9LeHejZe1Ti77/pTeFm/nMXmQH/HFZlcS/O2XJB+L8fkbrNSqhdtlvjBVjxwUYanNH5Q=="],

    "@opentelemetry/semantic-conventions": ["@opentelemetry/semantic-conventions@1.41.1", "", {}, "sha512-/UhIkaZgPutTFmQ7RnIJGgDXZmtEJ7Dvi86xNTFWcnRxVRNk/aotsqDJYeEvDP+FSMB2SdW+pQzNMcWP0rwuNA=="],

    "@standard-schema/spec": ["@standard-schema/spec@1.1.0", "", {}, "sha512-l2aFy5jALhniG5HgqrD6jXLi/rUWrKvqN/qJx6yoJsgKhblVd+iqqU4RCXavm/jPityDo5TCvKMnpjKnOriy0w=="],

    "@types/bun": ["@types/bun@1.3.14", "", { "dependencies": { "bun-types": "1.3.14" } }, "sha512-h1hFqFVcvAvD9j9K7ZW7vd82aSA+rTdznZa+5bwvCwqSB1jmmfLcbIWhOLx1/+boy/xmjgCs/OMUL8hRJSmnPw=="],

    "@types/jsonwebtoken": ["@types/jsonwebtoken@9.0.10", "", { "dependencies": { "@types/ms": "*", "@types/node": "*" } }, "sha512-asx5hIG9Qmf/1oStypjanR7iKTv0gXQ1Ov/jfrX6kS/EO0OFni8orbmGCn0672NHR3kXHwpAwR+B368ZGN/2rA=="],

    "@types/ms": ["@types/ms@2.1.0", "", {}, "sha512-GsCCIZDE/p3i96vtEqx+7dBUGXrc7zeSK3wwPHIaRThS+9OhWIXRqzs4d6k1SVU8g91DrNRWxWUGhp5KXQb2VA=="],

    "@types/node": ["@types/node@25.9.1", "", { "dependencies": { "undici-types": ">=7.24.0 <7.24.7" } }, "sha512-xfrlY7UD5rMJk3ZVJP8BNzS28J36YJg+xp+LPXV1TdWxr8uMH5A860QNxYDGQe/ylDSgjxE52Q9VnO7p75tJxg=="],

    "bcryptjs": ["bcryptjs@3.0.3", "", { "bin": { "bcrypt": "bin/bcrypt" } }, "sha512-GlF5wPWnSa/X5LKM1o0wz0suXIINz1iHRLvTS+sLyi7XPbe5ycmYI3DlZqVGZZtDgl4DmasFg7gOB3JYbphV5g=="],

    "better-auth": ["better-auth@1.5.6", "", { "dependencies": { "@better-auth/core": "1.5.6", "@better-auth/drizzle-adapter": "1.5.6", "@better-auth/kysely-adapter": "1.5.6", "@better-auth/memory-adapter": "1.5.6", "@better-auth/mongo-adapter": "1.5.6", "@better-auth/prisma-adapter": "1.5.6", "@better-auth/telemetry": "1.5.6", "@better-auth/utils": "0.3.1", "@better-fetch/fetch": "1.1.21", "@noble/ciphers": "^2.1.1", "@noble/hashes": "^2.0.1", "better-call": "1.3.2", "defu": "^6.1.4", "jose": "^6.1.3", "kysely": "^0.28.12", "nanostores": "^1.1.1", "zod": "^4.3.6" }, "peerDependencies": { "@lynx-js/react": "*", "@prisma/client": "^5.0.0 || ^6.0.0 || ^7.0.0", "@sveltejs/kit": "^2.0.0", "@tanstack/react-start": "^1.0.0", "@tanstack/solid-start": "^1.0.0", "better-sqlite3": "^12.0.0", "drizzle-kit": ">=0.31.4", "drizzle-orm": ">=0.41.0", "mongodb": "^6.0.0 || ^7.0.0", "mysql2": "^3.0.0", "next": "^14.0.0 || ^15.0.0 || ^16.0.0", "pg": "^8.0.0", "prisma": "^5.0.0 || ^6.0.0 || ^7.0.0", "react": "^18.0.0 || ^19.0.0", "react-dom": "^18.0.0 || ^19.0.0", "solid-js": "^1.0.0", "svelte": "^4.0.0 || ^5.0.0", "vitest": "^2.0.0 || ^3.0.0 || ^4.0.0", "vue": "^3.0.0" }, "optionalPeers": ["@lynx-js/react", "@prisma/client", "@sveltejs/kit", "@tanstack/react-start", "@tanstack/solid-start", "better-sqlite3", "drizzle-kit", "drizzle-orm", "mongodb", "mysql2", "next", "pg", "prisma", "react", "react-dom", "solid-js", "svelte", "vitest", "vue"] }, "sha512-QSpJTqaT1XVfWRQe/fm3PgeuwOIlz1nWX/Dx7nsHStJ382bLzmDbQk2u7IT0IJ6wS5SRxfqEE1Ev9TXontgyAQ=="],

    "better-call": ["better-call@1.3.2", "", { "dependencies": { "@better-auth/utils": "^0.3.1", "@better-fetch/fetch": "^1.1.21", "rou3": "^0.7.12", "set-cookie-parser": "^3.0.1" }, "peerDependencies": { "zod": "^4.0.0" }, "optionalPeers": ["zod"] }, "sha512-4cZIfrerDsNTn3cm+MhLbUePN0gdwkhSXEuG7r/zuQ8c/H7iU0/jSK5TD3FW7U0MgKHce/8jGpPYNO4Ve+4NBw=="],

    "buffer-equal-constant-time": ["buffer-equal-constant-time@1.0.1", "", {}, "sha512-zRpUiDwd/xk6ADqPMATG8vc9VPrkck7T07OIx0gnjmJAnHnTVXNQG3vfvWNuiZIkwu9KrKdA1iJKfsfTVxE6NA=="],

    "bun-types": ["bun-types@1.3.14", "", { "dependencies": { "@types/node": "*" } }, "sha512-4N0ig0fEomHt5R0KCFWjovxow98rIoRwKolrYdCcknNwMekCXRnWEUvgu5soYV8QXtVsrUD8B95MBOZGPvr6KQ=="],

    "defu": ["defu@6.1.7", "", {}, "sha512-7z22QmUWiQ/2d0KkdYmANbRUVABpZ9SNYyH5vx6PZ+nE5bcC0l7uFvEfHlyld/HcGBFTL536ClDt3DEcSlEJAQ=="],

    "ecdsa-sig-formatter": ["ecdsa-sig-formatter@1.0.11", "", { "dependencies": { "safe-buffer": "^5.0.1" } }, "sha512-nagl3RYrbNv6kQkeJIpt6NJZy8twLB/2vtz6yN9Z4vRKHN4/QZJIEbqohALSgwKdnksuY3k5Addp5lg8sVoVcQ=="],

    "jose": ["jose@6.2.3", "", {}, "sha512-YYVDInQKFJfR/xa3ojUTl8c2KoTwiL1R5Wg9YCydwH0x0B9grbzlg5HC7mMjCtUJjbQ/YnGEZIhI5tCgfTb4Hw=="],

    "jsonwebtoken": ["jsonwebtoken@9.0.3", "", { "dependencies": { "jws": "^4.0.1", "lodash.includes": "^4.3.0", "lodash.isboolean": "^3.0.3", "lodash.isinteger": "^4.0.4", "lodash.isnumber": "^3.0.3", "lodash.isplainobject": "^4.0.6", "lodash.isstring": "^4.0.1", "lodash.once": "^4.0.0", "ms": "^2.1.1", "semver": "^7.5.4" } }, "sha512-MT/xP0CrubFRNLNKvxJ2BYfy53Zkm++5bX9dtuPbqAeQpTVe0MQTFhao8+Cp//EmJp244xt6Drw/GVEGCUj40g=="],

    "jwa": ["jwa@2.0.1", "", { "dependencies": { "buffer-equal-constant-time": "^1.0.1", "ecdsa-sig-formatter": "1.0.11", "safe-buffer": "^5.0.1" } }, "sha512-hRF04fqJIP8Abbkq5NKGN0Bbr3JxlQ+qhZufXVr0DvujKy93ZCbXZMHDL4EOtodSbCWxOqR8MS1tXA5hwqCXDg=="],

    "jws": ["jws@4.0.1", "", { "dependencies": { "jwa": "^2.0.1", "safe-buffer": "^5.0.1" } }, "sha512-EKI/M/yqPncGUUh44xz0PxSidXFr/+r0pA70+gIYhjv+et7yxM+s29Y+VGDkovRofQem0fs7Uvf4+YmAdyRduA=="],

    "kysely": ["kysely@0.28.17", "", {}, "sha512-nbD8lB9EB3wNdMhOCdx5Li8DxnLbvKByylRLcJ1h+4SkrowVeECAyZlyiKMThF7xFdRz0jSQ2MoJr+wXux2y0Q=="],

    "lodash.includes": ["lodash.includes@4.3.0", "", {}, "sha512-W3Bx6mdkRTGtlJISOvVD/lbqjTlPPUDTMnlXZFnVwi9NKJ6tiAk6LVdlhZMm17VZisqhKcgzpO5Wz91PCt5b0w=="],

    "lodash.isboolean": ["lodash.isboolean@3.0.3", "", {}, "sha512-Bz5mupy2SVbPHURB98VAcw+aHh4vRV5IPNhILUCsOzRmsTmSQ17jIuqopAentWoehktxGd9e/hbIXq980/1QJg=="],

    "lodash.isinteger": ["lodash.isinteger@4.0.4", "", {}, "sha512-DBwtEWN2caHQ9/imiNeEA5ys1JoRtRfY3d7V9wkqtbycnAmTvRRmbHKDV4a0EYc678/dia0jrte4tjYwVBaZUA=="],

    "lodash.isnumber": ["lodash.isnumber@3.0.3", "", {}, "sha512-QYqzpfwO3/CWf3XP+Z+tkQsfaLL/EnUlXWVkIk5FUPc4sBdTehEqZONuyRt2P67PXAk+NXmTBcc97zw9t1FQrw=="],

    "lodash.isplainobject": ["lodash.isplainobject@4.0.6", "", {}, "sha512-oSXzaWypCMHkPC3NvBEaPHf0KsA5mvPrOPgQWDsbg8n7orZ290M0BmC/jgRZ4vcJ6DTAhjrsSYgdsW/F+MFOBA=="],

    "lodash.isstring": ["lodash.isstring@4.0.1", "", {}, "sha512-0wJxfxH1wgO3GrbuP+dTTk7op+6L41QCXbGINEmD+ny/G/eCqGzxyCsh7159S+mgDDcoarnBw6PC1PS5+wUGgw=="],

    "lodash.once": ["lodash.once@4.1.1", "", {}, "sha512-Sb487aTOCr9drQVL8pIxOzVhafOjZN9UU54hiN8PU3uAiSV7lx1yYNpbNmex2PK6dSJoNTSJUUswT651yww3Mg=="],

    "ms": ["ms@2.1.3", "", {}, "sha512-6FlzubTLZG3J2a/NVCAleEhjzq5oxgHyaCU9yYXvcLsvoVaHJq/s5xXI6/XXP6tz7R9xAOtHnSO/tXtF3WRTlA=="],

    "nanostores": ["nanostores@1.3.0", "", {}, "sha512-XPUa/jz+P1oJvN9VBxw4L9MtdFfaH3DAryqPssqhb2kXjmb9npz0dly6rCsgFWOPr4Yg9mTfM3MDZgZZ+7A3lA=="],

    "rou3": ["rou3@0.7.12", "", {}, "sha512-iFE4hLDuloSWcD7mjdCDhx2bKcIsYbtOTpfH5MHHLSKMOUyjqQXTeZVa289uuwEGEKFoE/BAPbhaU4B774nceg=="],

    "safe-buffer": ["safe-buffer@5.2.1", "", {}, "sha512-rp3So07KcdmmKbGvgaNxQSJr7bGVSVk5S9Eq1F+ppbRo70+YeaDxkw5Dd8NPN+GD6bjnYm2VuPuCXmpuYvmCXQ=="],

    "semver": ["semver@7.8.1", "", { "bin": { "semver": "bin/semver.js" } }, "sha512-rkVq3IXh+4FDGch+KwzX3aV9W3kO54GyEgpvBzSyctDA6Xtd7RJQV1xmXbeQp5v7+VzLOfVqiutSE6GICgPFvg=="],

    "set-cookie-parser": ["set-cookie-parser@3.1.0", "", {}, "sha512-kjnC1DXBHcxaOaOXBHBeRtltsDG2nUiUni+jP92M9gYdW12rsmx92UsfpH7o5tDRs7I1ZZPSQJQGv3UaRfCiuw=="],

    "typescript": ["typescript@5.9.3", "", { "bin": { "tsc": "bin/tsc", "tsserver": "bin/tsserver" } }, "sha512-jl1vZzPDinLr9eUt3J/t7V6FgNEw9QjvBPdysz9KfQDD41fQrC2Y4vKQdiaUpFT4bXlb1RHhLpp8wtm6M5TgSw=="],

    "undici-types": ["undici-types@7.24.6", "", {}, "sha512-WRNW+sJgj5OBN4/0JpHFqtqzhpbnV0GuB+OozA9gCL7a993SmU+1JBZCzLNxYsbMfIeDL+lTsphD5jN5N+n0zg=="],

    "zod": ["zod@4.4.3", "", {}, "sha512-ytENFjIJFl2UwYglde2jchW2Hwm4GJFLDiSXWdTrJQBIN9Fcyp7n4DhxJEiWNAJMV1/BqWfW/kkg71UDcHJyTQ=="],
  }
}
